// !$*UTF8*$!
{
	archiveVersion = 1;
	classes = {
	};
	objectVersion = 48;
	objects = {

/* Begin PBXBuildFile section */
		040BAD371FBD26EA0043A031 /* AppDelegate.swift in Sources */ = {isa = PBXBuildFile; fileRef = 040BAD361FBD26EA0043A031 /* AppDelegate.swift */; };
		040BAD391FBD26EA0043A031 /* ViewController.swift in Sources */ = {isa = PBXBuildFile; fileRef = 040BAD381FBD26EA0043A031 /* ViewController.swift */; };
		040BAD3C1FBD26EA0043A031 /* Main.storyboard in Resources */ = {isa = PBXBuildFile; fileRef = 040BAD3A1FBD26EA0043A031 /* Main.storyboard */; };
		040BAD3E1FBD26EA0043A031 /* Assets.xcassets in Resources */ = {isa = PBXBuildFile; fileRef = 040BAD3D1FBD26EA0043A031 /* Assets.xcassets */; };
		040BAD411FBD26EA0043A031 /* LaunchScreen.storyboard in Resources */ = {isa = PBXBuildFile; fileRef = 040BAD3F1FBD26EA0043A031 /* LaunchScreen.storyboard */; };
		040BAD4C1FBD26EA0043A031 /* HelloWordTests.swift in Sources */ = {isa = PBXBuildFile; fileRef = 040BAD4B1FBD26EA0043A031 /* HelloWordTests.swift */; };
		040BAD571FBD26EA0043A031 /* HelloWordUITests.swift in Sources */ = {isa = PBXBuildFile; fileRef = 040BAD561FBD26EA0043A031 /* HelloWordUITests.swift */; };
/* End PBXBuildFile section */

/* Begin PBXContainerItemProxy section */
		040BAD481FBD26EA0043A031 /* PBXContainerItemProxy */ = {
			isa = PBXContainerItemProxy;
			containerPortal = 040BAD2B1FBD26EA0043A031 /* Project object */;
			proxyType = 1;
			remoteGlobalIDString = 040BAD321FBD26EA0043A031;
			remoteInfo = HelloWord;
		};
		040BAD531FBD26EA0043A031 /* PBXContainerItemProxy */ = {
			isa = PBXContainerItemProxy;
			containerPortal = 040BAD2B1FBD26EA0043A031 /* Project object */;
			proxyType = 1;
			remoteGlobalIDString = 040BAD321FBD26EA0043A031;
			remoteInfo = HelloWord;
		};
/* End PBXContainerItemProxy section */

/* Begin PBXFileReference section */
		040BAD331FBD26EA0043A031 /* HelloWord.app */ = {isa = PBXFileReference; explicitFileType = wrapper.application; includeInIndex = 0; path = HelloWord.app; sourceTree = BUILT_PRODUCTS_DIR; };
		040BAD361FBD26EA0043A031 /* AppDelegate.swift */ = {isa = PBXFileReference; lastKnownFileType = sourcecode.swift; path = AppDelegate.swift; sourceTree = "<group>"; };
		040BAD381FBD26EA0043A031 /* ViewController.swift */ = {isa = PBXFileReference; lastKnownFileType = sourcecode.swift; path = ViewController.swift; sourceTree = "<group>"; };
		040BAD3B1FBD26EA0043A031 /* Base */ = {isa = PBXFileReference; lastKnownFileType = file.storyboard; name = Base; path = Base.lproj/Main.storyboard; sourceTree = "<group>"; };
		040BAD3D1FBD26EA0043A031 /* Assets.xcassets */ = {isa = PBXFileReference; lastKnownFileType = folder.assetcatalog; path = Assets.xcassets; sourceTree = "<group>"; };
		040BAD401FBD26EA0043A031 /* Base */ = {isa = PBXFileReference; lastKnownFileType = file.storyboard; name = Base; path = Base.lproj/LaunchScreen.storyboard; sourceTree = "<group>"; };
		040BAD421FBD26EA0043A031 /* Info.plist */ = {isa = PBXFileReference; lastKnownFileType = text.plist.xml; path = Info.plist; sourceTree = "<group>"; };
		040BAD471FBD26EA0043A031 /* HelloWordTests.xctest */ = {isa = PBXFileReference; explicitFileType = wrapper.cfbundle; includeInIndex = 0; path = HelloWordTests.xctest; sourceTree = BUILT_PRODUCTS_DIR; };
		040BAD4B1FBD26EA0043A031 /* HelloWordTests.swift */ = {isa = PBXFileReference; lastKnownFileType = sourcecode.swift; path = HelloWordTests.swift; sourceTree = "<group>"; };
		040BAD4D1FBD26EA0043A031 /* Info.plist */ = {isa = PBXFileReference; lastKnownFileType = text.plist.xml; path = Info.plist; sourceTree = "<group>"; };
		040BAD521FBD26EA0043A031 /* HelloWordUITests.xctest */ = {isa = PBXFileReference; explicitFileType = wrapper.cfbundle; includeInIndex = 0; path = HelloWordUITests.xctest; sourceTree = BUILT_PRODUCTS_DIR; };
		040BAD561FBD26EA0043A031 /* HelloWordUITests.swift */ = {isa = PBXFileReference; lastKnownFileType = sourcecode.swift; path = HelloWordUITests.swift; sourceTree = "<group>"; };
		040BAD581FBD26EA0043A031 /* Info.plist */ = {isa = PBXFileReference; lastKnownFileType = text.plist.xml; path = Info.plist; sourceTree = "<group>"; };
/* End PBXFileReference section */

/* Begin PBXFrameworksBuildPhase section */
		040BAD301FBD26EA0043A031 /* Frameworks */ = {
			isa = PBXFrameworksBuildPhase;
			buildActionMask = 2147483647;
			files = (
			);
			runOnlyForDeploymentPostprocessing = 0;
		};
		040BAD441FBD26EA0043A031 /* Frameworks */ = {
			isa = PBXFrameworksBuildPhase;
			buildActionMask = 2147483647;
			files = (
			);
			runOnlyForDeploymentPostprocessing = 0;
		};
		040BAD4F1FBD26EA0043A031 /* Frameworks */ = {
			isa = PBXFrameworksBuildPhase;
			buildActionMask = 2147483647;
			files = (
			);
			runOnlyForDeploymentPostprocessing = 0;
		};
/* End PBXFrameworksBuildPhase section */

/* Begin PBXGroup section */
		040BAD2A1FBD26EA0043A031 = {
			isa = PBXGroup;
			children = (
				040BAD351FBD26EA0043A031 /* HelloWord */,
				040BAD4A1FBD26EA0043A031 /* HelloWordTests */,
				040BAD551FBD26EA0043A031 /* HelloWordUITests */,
				040BAD341FBD26EA0043A031 /* Products */,
			);
			sourceTree = "<group>";
		};
		040BAD341FBD26EA0043A031 /* Products */ = {
			isa = PBXGroup;
			children = (
				040BAD331FBD26EA0043A031 /* HelloWord.app */,
				040BAD471FBD26EA0043A031 /* HelloWordTests.xctest */,
				040BAD521FBD26EA0043A031 /* HelloWordUITests.xctest */,
			);
			name = Products;
			sourceTree = "<group>";
		};
		040BAD351FBD26EA0043A031 /* HelloWord */ = {
			isa = PBXGroup;
			children = (
				040BAD361FBD26EA0043A031 /* AppDelegate.swift */,
				040BAD381FBD26EA0043A031 /* ViewController.swift */,
				040BAD3A1FBD26EA0043A031 /* Main.storyboard */,
				040BAD3D1FBD26EA0043A031 /* Assets.xcassets */,
				040BAD3F1FBD26EA0043A031 /* LaunchScreen.storyboard */,
				040BAD421FBD26EA0043A031 /* Info.plist */,
			);
			path = HelloWord;
			sourceTree = "<group>";
		};
		040BAD4A1FBD26EA0043A031 /* HelloWordTests */ = {
			isa = PBXGroup;
			children = (
				040BAD4B1FBD26EA0043A031 /* HelloWordTests.swift */,
				040BAD4D1FBD26EA0043A031 /* Info.plist */,
			);
			path = HelloWordTests;
			sourceTree = "<group>";
		};
		040BAD551FBD26EA0043A031 /* HelloWordUITests */ = {
			isa = PBXGroup;
			children = (
				040BAD561FBD26EA0043A031 /* HelloWordUITests.swift */,
				040BAD581FBD26EA0043A031 /* Info.plist */,
			);
			path = HelloWordUITests;
			sourceTree = "<group>";
		};
/* End PBXGroup section */

/* Begin PBXNativeTarget section */
		040BAD321FBD26EA0043A031 /* HelloWord */ = {
			isa = PBXNativeTarget;
			buildConfigurationList = 040BAD5B1FBD26EA0043A031 /* Build configuration list for PBXNativeTarget "HelloWord" */;
			buildPhases = (
				040BAD2F1FBD26EA0043A031 /* Sources */,
				040BAD301FBD26EA0043A031 /* Frameworks */,
				040BAD311FBD26EA0043A031 /* Resources */,
			);
			buildRules = (
			);
			dependencies = (
			);
			name = HelloWord;
			productName = HelloWord;
			productReference = 040BAD331FBD26EA0043A031 /* HelloWord.app */;
			productType = "com.apple.product-type.application";
		};
		040BAD461FBD26EA0043A031 /* HelloWordTests */ = {
			isa = PBXNativeTarget;
			buildConfigurationList = 040BAD5E1FBD26EA0043A031 /* Build configuration list for PBXNativeTarget "HelloWordTests" */;
			buildPhases = (
				040BAD431FBD26EA0043A031 /* Sources */,
				040BAD441FBD26EA0043A031 /* Frameworks */,
				040BAD451FBD26EA0043A031 /* Resources */,
			);
			buildRules = (
			);
			dependencies = (
				040BAD491FBD26EA0043A031 /* PBXTargetDependency */,
			);
			name = HelloWordTests;
			productName = HelloWordTests;
			productReference = 040BAD471FBD26EA0043A031 /* HelloWordTests.xctest */;
			productType = "com.apple.product-type.bundle.unit-test";
		};
		040BAD511FBD26EA0043A031 /* HelloWordUITests */ = {
			isa = PBXNativeTarget;
			buildConfigurationList = 040BAD611FBD26EA0043A031 /* Build configuration list for PBXNativeTarget "HelloWordUITests" */;
			buildPhases = (
				040BAD4E1FBD26EA0043A031 /* Sources */,
				040BAD4F1FBD26EA0043A031 /* Frameworks */,
				040BAD501FBD26EA0043A031 /* Resources */,
			);
			buildRules = (
			);
			dependencies = (
				040BAD541FBD26EA0043A031 /* PBXTargetDependency */,
			);
			name = HelloWordUITests;
			productName = HelloWordUITests;
			productReference = 040BAD521FBD26EA0043A031 /* HelloWordUITests.xctest */;
			productType = "com.apple.product-type.bundle.ui-testing";
		};
/* End PBXNativeTarget section */

/* Begin PBXProject section */
		040BAD2B1FBD26EA0043A031 /* Project object */ = {
			isa = PBXProject;
			attributes = {
				LastSwiftUpdateCheck = 0910;
				LastUpgradeCheck = 0910;
				ORGANIZATIONNAME = mac;
				TargetAttributes = {
					040BAD321FBD26EA0043A031 = {
						CreatedOnToolsVersion = 9.1;
						ProvisioningStyle = Automatic;
					};
					040BAD461FBD26EA0043A031 = {
						CreatedOnToolsVersion = 9.1;
						ProvisioningStyle = Automatic;
						TestTargetID = 040BAD321FBD26EA0043A031;
					};
					040BAD511FBD26EA0043A031 = {
						CreatedOnToolsVersion = 9.1;
						ProvisioningStyle = Automatic;
						TestTargetID = 040BAD321FBD26EA0043A031;
					};
				};
			};
			buildConfigurationList = 040BAD2E1FBD26EA0043A031 /* Build configuration list for PBXProject "HelloWord" */;
			compatibilityVersion = "Xcode 8.0";
			developmentRegion = en;
			hasScannedForEncodings = 0;
			knownRegions = (
				en,
				Base,
			);
			mainGroup = 040BAD2A1FBD26EA0043A031;
			productRefGroup = 040BAD341FBD26EA0043A031 /* Products */;
			projectDirPath = "";
			projectRoot = "";
			targets = (
				040BAD321FBD26EA0043A031 /* HelloWord */,
				040BAD461FBD26EA0043A031 /* HelloWordTests */,
				040BAD511FBD26EA0043A031 /* HelloWordUITests */,
			);
		};
/* End PBXProject section */

/* Begin PBXResourcesBuildPhase section */
		040BAD311FBD26EA0043A031 /* Resources */ = {
			isa = PBXResourcesBuildPhase;
			buildActionMask = 2147483647;
			files = (
				040BAD411FBD26EA0043A031 /* LaunchScreen.storyboard in Resources */,
				040BAD3E1FBD26EA0043A031 /* Assets.xcassets in Resources */,
				040BAD3C1FBD26EA0043A031 /* Main.storyboard in Resources */,
			);
			runOnlyForDeploymentPostprocessing = 0;
		};
		040BAD451FBD26EA0043A031 /* Resources */ = {
			isa = PBXResourcesBuildPhase;
			buildActionMask = 2147483647;
			files = (
			);
			runOnlyForDeploymentPostprocessing = 0;
		};
		040BAD501FBD26EA0043A031 /* Resources */ = {
			isa = PBXResourcesBuildPhase;
			buildActionMask = 2147483647;
			files = (
			);
			runOnlyForDeploymentPostprocessing = 0;
		};
/* End PBXResourcesBuildPhase section */

/* Begin PBXSourcesBuildPhase section */
		040BAD2F1FBD26EA0043A031 /* Sources */ = {
			isa = PBXSourcesBuildPhase;
			buildActionMask = 2147483647;
			files = (
				040BAD391FBD26EA0043A031 /* ViewController.swift in Sources */,
				040BAD371FBD26EA0043A031 /* AppDelegate.swift in Sources */,
			);
			runOnlyForDeploymentPostprocessing = 0;
		};
		040BAD431FBD26EA0043A031 /* Sources */ = {
			isa = PBXSourcesBuildPhase;
			buildActionMask = 2147483647;
			files = (
				040BAD4C1FBD26EA0043A031 /* HelloWordTests.swift in Sources */,
			);
			runOnlyForDeploymentPostprocessing = 0;
		};
		040BAD4E1FBD26EA0043A031 /* Sources */ = {
			isa = PBXSourcesBuildPhase;
			buildActionMask = 2147483647;
			files = (
				040BAD571FBD26EA0043A031 /* HelloWordUITests.swift in Sources */,
			);
			runOnlyForDeploymentPostprocessing = 0;
		};
/* End PBXSourcesBuildPhase section */

/* Begin PBXTargetDependency section */
		040BAD491FBD26EA0043A031 /* PBXTargetDependency */ = {
			isa = PBXTargetDependency;
			target = 040BAD321FBD26EA0043A031 /* HelloWord */;
			targetProxy = 040BAD481FBD26EA0043A031 /* PBXContainerItemProxy */;
		};
		040BAD541FBD26EA0043A031 /* PBXTargetDependency */ = {
			isa = PBXTargetDependency;
			target = 040BAD321FBD26EA0043A031 /* HelloWord */;
			targetProxy = 040BAD531FBD26EA0043A031 /* PBXContainerItemProxy */;
		};
/* End PBXTargetDependency section */

/* Begin PBXVariantGroup section */
		040BAD3A1FBD26EA0043A031 /* Main.storyboard */ = {
			isa = PBXVariantGroup;
			children = (
				040BAD3B1FBD26EA0043A031 /* Base */,
			);
			name = Main.storyboard;
			sourceTree = "<group>";
		};
		040BAD3F1FBD26EA0043A031 /* LaunchScreen.storyboard */ = {
			isa = PBXVariantGroup;
			children = (
				040BAD401FBD26EA0043A031 /* Base */,
			);
			name = LaunchScreen.storyboard;
			sourceTree = "<group>";
		};
/* End PBXVariantGroup section */

/* Begin XCBuildConfiguration section */
		040BAD591FBD26EA0043A031 /* Debug */ = {
			isa = XCBuildConfiguration;
			buildSettings = {
				ALWAYS_SEARCH_USER_PATHS = NO;
				CLANG_ANALYZER_NONNULL = YES;
				CLANG_ANALYZER_NUMBER_OBJECT_CONVERSION = YES_AGGRESSIVE;
				CLANG_CXX_LANGUAGE_STANDARD = "gnu++14";
				CLANG_CXX_LIBRARY = "libc++";
				CLANG_ENABLE_MODULES = YES;
				CLANG_ENABLE_OBJC_ARC = YES;
				CLANG_WARN_BLOCK_CAPTURE_AUTORELEASING = YES;
				CLANG_WARN_BOOL_CONVERSION = YES;
				CLANG_WARN_COMMA = YES;
				CLANG_WARN_CONSTANT_CONVERSION = YES;
				CLANG_WARN_DIRECT_OBJC_ISA_USAGE = YES_ERROR;
				CLANG_WARN_DOCUMENTATION_COMMENTS = YES;
				CLANG_WARN_EMPTY_BODY = YES;
				CLANG_WARN_ENUM_CONVERSION = YES;
				CLANG_WARN_INFINITE_RECURSION = YES;
				CLANG_WARN_INT_CONVERSION = YES;
				CLANG_WARN_NON_LITERAL_NULL_CONVERSION = YES;
				CLANG_WARN_OBJC_LITERAL_CONVERSION = YES;
				CLANG_WARN_OBJC_ROOT_CLASS = YES_ERROR;
				CLANG_WARN_RANGE_LOOP_ANALYSIS = YES;
				CLANG_WARN_STRICT_PROTOTYPES = YES;
				CLANG_WARN_SUSPICIOUS_MOVE = YES;
				CLANG_WARN_UNGUARDED_AVAILABILITY = YES_AGGRESSIVE;
				CLANG_WARN_UNREACHABLE_CODE = YES;
				CLANG_WARN__DUPLICATE_METHOD_MATCH = YES;
				CODE_SIGN_IDENTITY = "iPhone Developer";
				COPY_PHASE_STRIP = NO;
				DEBUG_INFORMATION_FORMAT = dwarf;
				ENABLE_STRICT_OBJC_MSGSEND = YES;
				ENABLE_TESTABILITY = YES;
				GCC_C_LANGUAGE_STANDARD = gnu11;
				GCC_DYNAMIC_NO_PIC = NO;
				GCC_NO_COMMON_BLOCKS = YES;
				GCC_OPTIMIZATION_LEVEL = 0;
				GCC_PREPROCESSOR_DEFINITIONS = (
					"DEBUG=1",
					"$(inherited)",
				);
				GCC_WARN_64_TO_32_BIT_CONVERSION = YES;
				GCC_WARN_ABOUT_RETURN_TYPE = YES_ERROR;
				GCC_WARN_UNDECLARED_SELECTOR = YES;
				GCC_WARN_UNINITIALIZED_AUTOS = YES_AGGRESSIVE;
				GCC_WARN_UNUSED_FUNCTION = YES;
				GCC_WARN_UNUSED_VARIABLE = YES;
				IPHONEOS_DEPLOYMENT_TARGET = 11.1;
				MTL_ENABLE_DEBUG_INFO = YES;
				ONLY_ACTIVE_ARCH = YES;
				SDKROOT = iphoneos;
				SWIFT_ACTIVE_COMPILATION_CONDITIONS = DEBUG;
				SWIFT_OPTIMIZATION_LEVEL = "-Onone";
			};
			name = Debug;
		};
		040BAD5A1FBD26EA0043A031 /* Release */ = {
			isa = XCBuildConfiguration;
			buildSettings = {
				ALWAYS_SEARCH_USER_PATHS = NO;
				CLANG_ANALYZER_NONNULL = YES;
				CLANG_ANALYZER_NUMBER_OBJECT_CONVERSION = YES_AGGRESSIVE;
				CLANG_CXX_LANGUAGE_STANDARD = "gnu++14";
				CLANG_CXX_LIBRARY = "libc++";
				CLANG_ENABLE_MODULES = YES;
				CLANG_ENABLE_OBJC_ARC = YES;
				CLANG_WARN_BLOCK_CAPTURE_AUTORELEASING = YES;
				CLANG_WARN_BOOL_CONVERSION = YES;
				CLANG_WARN_COMMA = YES;
				CLANG_WARN_CONSTANT_CONVERSION = YES;
				CLANG_WARN_DIRECT_OBJC_ISA_USAGE = YES_ERROR;
				CLANG_WARN_DOCUMENTATION_COMMENTS = YES;
				CLANG_WARN_EMPTY_BODY = YES;
				CLANG_WARN_ENUM_CONVERSION = YES;
				CLANG_WARN_INFINITE_RECURSION = YES;
				CLANG_WARN_INT_CONVERSION = YES;
				CLANG_WARN_NON_LITERAL_NULL_CONVERSION = YES;
				CLANG_WARN_OBJC_LITERAL_CONVERSION = YES;
				CLANG_WARN_OBJC_ROOT_CLASS = YES_ERROR;
				CLANG_WARN_RANGE_LOOP_ANALYSIS = YES;
				CLANG_WARN_STRICT_PROTOTYPES = YES;
				CLANG_WARN_SUSPICIOUS_MOVE = YES;
				CLANG_WARN_UNGUARDED_AVAILABILITY = YES_AGGRESSIVE;
				CLANG_WARN_UNREACHABLE_CODE = YES;
				CLANG_WARN__DUPLICATE_METHOD_MATCH = YES;
				CODE_SIGN_IDENTITY = "iPhone Developer";
				COPY_PHASE_STRIP = NO;
				DEBUG_INFORMATION_FORMAT = "dwarf-with-dsym";
				ENABLE_NS_ASSERTIONS = NO;
				ENABLE_STRICT_OBJC_MSGSEND = YES;
				GCC_C_LANGUAGE_STANDARD = gnu11;
				GCC_NO_COMMON_BLOCKS = YES;
				GCC_WARN_64_TO_32_BIT_CONVERSION = YES;
				GCC_WARN_ABOUT_RETURN_TYPE = YES_ERROR;
				GCC_WARN_UNDECLARED_SELECTOR = YES;
				GCC_WARN_UNINITIALIZED_AUTOS = YES_AGGRESSIVE;
				GCC_WARN_UNUSED_FUNCTION = YES;
				GCC_WARN_UNUSED_VARIABLE = YES;
				IPHONEOS_DEPLOYMENT_TARGET = 11.1;
				MTL_ENABLE_DEBUG_INFO = NO;
				SDKROOT = iphoneos;
				SWIFT_OPTIMIZATION_LEVEL = "-Owholemodule";
				VALIDATE_PRODUCT = YES;
			};
			name = Release;
		};
		040BAD5C1FBD26EA0043A031 /* Debug */ = {
			isa = XCBuildConfiguration;
			buildSettings = {
				ASSETCATALOG_COMPILER_APPICON_NAME = AppIcon;
				CODE_SIGN_STYLE = Automatic;
				INFOPLIST_FILE = HelloWord/Info.plist;
				IPHONEOS_DEPLOYMENT_TARGET = 8.0;
				LD_RUNPATH_SEARCH_PATHS = "$(inherited) @executable_path/Frameworks";
				PRODUCT_BUNDLE_IDENTIFIER = com.dajun.HelloWord;
				PRODUCT_NAME = "$(TARGET_NAME)";
				SWIFT_VERSION = 4.0;
				TARGETED_DEVICE_FAMILY = "1,2";
			};
			name = Debug;
		};
		040BAD5D1FBD26EA0043A031 /* Release */ = {
			isa = XCBuildConfiguration;
			buildSettings = {
				ASSETCATALOG_COMPILER_APPICON_NAME = AppIcon;
				CODE_SIGN_STYLE = Automatic;
				INFOPLIST_FILE = HelloWord/Info.plist;
				IPHONEOS_DEPLOYMENT_TARGET = 8.0;
				LD_RUNPATH_SEARCH_PATHS = "$(inherited) @executable_path/Frameworks";
				PRODUCT_BUNDLE_IDENTIFIER = com.dajun.HelloWord;
				PRODUCT_NAME = "$(TARGET_NAME)";
				SWIFT_VERSION = 4.0;
				TARGETED_DEVICE_FAMILY = "1,2";
			};
			name = Release;
		};
		040BAD5F1FBD26EA0043A031 /* Debug */ = {
			isa = XCBuildConfiguration;
			buildSettings = {
				ALWAYS_EMBED_SWIFT_STANDARD_LIBRARIES = YES;
				BUNDLE_LOADER = "$(TEST_HOST)";
				CODE_SIGN_STYLE = Automatic;
				INFOPLIST_FILE = HelloWordTests/Info.plist;
				LD_RUNPATH_SEARCH_PATHS = "$(inherited) @executable_path/Frameworks @loader_path/Frameworks";
				PRODUCT_BUNDLE_IDENTIFIER = com.dajun.HelloWordTests;
				PRODUCT_NAME = "$(TARGET_NAME)";
				SWIFT_VERSION = 4.0;
				TARGETED_DEVICE_FAMILY = "1,2";
				TEST_HOST = "$(BUILT_PRODUCTS_DIR)/HelloWord.app/HelloWord";
			};
			name = Debug;
		};
		040BAD601FBD26EA0043A031 /* Release */ = {
			isa = XCBuildConfiguration;
			buildSettings = {
				ALWAYS_EMBED_SWIFT_STANDARD_LIBRARIES = YES;
				BUNDLE_LOADER = "$(TEST_HOST)";
				CODE_SIGN_STYLE = Automatic;
				INFOPLIST_FILE = HelloWordTests/Info.plist;
				LD_RUNPATH_SEARCH_PATHS = "$(inherited) @executable_path/Frameworks @loader_path/Frameworks";
				PRODUCT_BUNDLE_IDENTIFIER = com.dajun.HelloWordTests;
				PRODUCT_NAME = "$(TARGET_NAME)";
				SWIFT_VERSION = 4.0;
				TARGETED_DEVICE_FAMILY = "1,2";
				TEST_HOST = "$(BUILT_PRODUCTS_DIR)/HelloWord.app/HelloWord";
			};
			name = Release;
		};
		040BAD621FBD26EA0043A031 /* Debug */ = {
			isa = XCBuildConfiguration;
			buildSettings = {
				ALWAYS_EMBED_SWIFT_STANDARD_LIBRARIES = YES;
				CODE_SIGN_STYLE = Automatic;
				INFOPLIST_FILE = HelloWordUITests/Info.plist;
				LD_RUNPATH_SEARCH_PATHS = "$(inherited) @executable_path/Frameworks @loader_path/Frameworks";
				PRODUCT_BUNDLE_IDENTIFIER = com.dajun.HelloWordUITests;
				PRODUCT_NAME = "$(TARGET_NAME)";
				SWIFT_VERSION = 4.0;
				TARGETED_DEVICE_FAMILY = "1,2";
				TEST_TARGET_NAME = HelloWord;
			};
			name = Debug;
		};
		040BAD631FBD26EA0043A031 /* Release */ = {
			isa = XCBuildConfiguration;
			buildSettings = {
				ALWAYS_EMBED_SWIFT_STANDARD_LIBRARIES = YES;
				CODE_SIGN_STYLE = Automatic;
				INFOPLIST_FILE = HelloWordUITests/Info.plist;
				LD_RUNPATH_SEARCH_PATHS = "$(inherited) @executable_path/Frameworks @loader_path/Frameworks";
				PRODUCT_BUNDLE_IDENTIFIER = com.dajun.HelloWordUITests;
				PRODUCT_NAME = "$(TARGET_NAME)";
				SWIFT_VERSION = 4.0;
				TARGETED_DEVICE_FAMILY = "1,2";
				TEST_TARGET_NAME = HelloWord;
			};
			name = Release;
		};
/* End XCBuildConfiguration section */

/* Begin XCConfigurationList section */
		040BAD2E1FBD26EA0043A031 /* Build configuration list for PBXProject "HelloWord" */ = {
			isa = XCConfigurationList;
			buildConfigurations = (
				040BAD591FBD26EA0043A031 /* Debug */,
				040BAD5A1FBD26EA0043A031 /* Release */,
			);
			defaultConfigurationIsVisible = 0;
			defaultConfigurationName = Release;
		};
		040BAD5B1FBD26EA0043A031 /* Build configuration list for PBXNativeTarget "HelloWord" */ = {
			isa = XCConfigurationList;
			buildConfigurations = (
				040BAD5C1FBD26EA0043A031 /* Debug */,
				040BAD5D1FBD26EA0043A031 /* Release */,
			);
			defaultConfigurationIsVisible = 0;
			defaultConfigurationName = Release;
		};
		040BAD5E1FBD26EA0043A031 /* Build configuration list for PBXNativeTarget "HelloWordTests" */ = {
			isa = XCConfigurationList;
			buildConfigurations = (
				040BAD5F1FBD26EA0043A031 /* Debug */,
				040BAD601FBD26EA0043A031 /* Release */,
			);
			defaultConfigurationIsVisible = 0;
			defaultConfigurationName = Release;
		};
		040BAD611FBD26EA0043A031 /* Build configuration list for PBXNativeTarget "HelloWordUITests" */ = {
			isa = XCConfigurationList;
			buildConfigurations = (
				040BAD621FBD26EA0043A031 /* Debug */,
				040BAD631FBD26EA0043A031 /* Release */,
			);
			defaultConfigurationIsVisible = 0;
			defaultConfigurationName = Release;
		};
/* End XCConfigurationList section */
	};
	rootObject = 040BAD2B1FBD26EA0043A031 /* Project object */;
}
